
Microsoft Visual Studio Solution File, Format Version 12.00
# Visual Studio Version 16
VisualStudioVersion = 16.0.29215.179
MinimumVisualStudioVersion = 10.0.40219.1
Project("{FAE04EC0-301F-11D3-BF4B-00C04F79EFBC}") = "CustomRPC", "CustomRPC\CustomRPC.csproj", "{33F6A622-E135-4CD0-8B89-3123F106E4E7}"
EndProject
Global
	GlobalSection(SolutionConfigurationPlatforms) = preSolution
		Debug|Any CPU = Debug|Any CPU
		Release|Any CPU = Release|Any CPU
	EndGlobalSection
	GlobalSection(ProjectConfigurationPlatforms) = postSolution
		{33F6A622-E135-4CD0-8B89-3123F106E4E7}.Debug|Any CPU.ActiveCfg = Debug|Any CPU
		{33F6A622-E135-4CD0-8B89-3123F106E4E7}.Debug|Any CPU.Build.0 = Debug|Any CPU
		{33F6A622-E135-4CD0-8B89-3123F106E4E7}.Release|Any CPU.ActiveCfg = Release|Any CPU
		{33F6A622-E135-4CD0-8B89-3123F106E4E7}.Release|Any CPU.Build.0 = Release|Any CPU
	EndGlobalSection
	GlobalSection(SolutionProperties) = preSolution
		HideSolutionNode = FALSE
	EndGlobalSection
	GlobalSection(ExtensibilityGlobals) = postSolution
		SolutionGuid = {F735ED72-32ED-4A14-9860-864222AECE6C}
	EndGlobalSection
EndGlobal
